PODS:
  - KingsPayForGoodsAndServices (0.1.1)

DEPENDENCIES:
  - KingsPayForGoodsAndServices (= 0.1.1)

SPEC REPOS:
  "git@github.com:kingschat/KingsPay-GS-iOS.git":
    - KingsPayForGoodsAndServices

SPEC CHECKSUMS:
  KingsPayForGoodsAndServices: 15bcef5b5087b68b8f8c9bf4d02b1d97be099b9a

PODFILE CHECKSUM: 67e238fc2f9679eb5672d9c0d1ee7ce4fd46e940

COCOAPODS: 1.9.3
