// !$*UTF8*$!
{
	archiveVersion = 1;
	classes = {
	};
	objectVersion = 51;
	objects = {

/* Begin PBXBuildFile section */
		2D6B791D24DC0B7800805846 /* AppDelegate.swift in Sources */ = {isa = PBXBuildFile; fileRef = 2D6B791C24DC0B7800805846 /* AppDelegate.swift */; };
		2D6B792124DC0B7800805846 /* ViewController.swift in Sources */ = {isa = PBXBuildFile; fileRef = 2D6B792024DC0B7800805846 /* ViewController.swift */; };
		2D6B792424DC0B7800805846 /* Main.storyboard in Resources */ = {isa = PBXBuildFile; fileRef = 2D6B792224DC0B7800805846 /* Main.storyboard */; };
		2D6B792624DC0B7B00805846 /* Assets.xcassets in Resources */ = {isa = PBXBuildFile; fileRef = 2D6B792524DC0B7B00805846 /* Assets.xcassets */; };
		2D6B792924DC0B7B00805846 /* LaunchScreen.storyboard in Resources */ = {isa = PBXBuildFile; fileRef = 2D6B792724DC0B7B00805846 /* LaunchScreen.storyboard */; };
		61CD79374A30042CD36D4EEC /* Pods_KingsPayGS_iOS_Sample.framework in Frameworks */ = {isa = PBXBuildFile; fileRef = 8BF0132FBFA3D9D37721EC98 /* Pods_KingsPayGS_iOS_Sample.framework */; };
/* End PBXBuildFile section */

/* Begin PBXCopyFilesBuildPhase section */
		2D6B793824DC0E7E00805846 /* Embed Frameworks */ = {
			isa = PBXCopyFilesBuildPhase;
			buildActionMask = 2147483647;
			dstPath = "";
			dstSubfolderSpec = 10;
			files = (
			);
			name = "Embed Frameworks";
			runOnlyForDeploymentPostprocessing = 0;
		};
/* End PBXCopyFilesBuildPhase section */

/* Begin PBXFileReference section */
		2D6B791924DC0B7800805846 /* KingsPayGS-iOS-Sample.app */ = {isa = PBXFileReference; explicitFileType = wrapper.application; includeInIndex = 0; path = "KingsPayGS-iOS-Sample.app"; sourceTree = BUILT_PRODUCTS_DIR; };
		2D6B791C24DC0B7800805846 /* AppDelegate.swift */ = {isa = PBXFileReference; lastKnownFileType = sourcecode.swift; path = AppDelegate.swift; sourceTree = "<group>"; };
		2D6B792024DC0B7800805846 /* ViewController.swift */ = {isa = PBXFileReference; lastKnownFileType = sourcecode.swift; path = ViewController.swift; sourceTree = "<group>"; };
		2D6B792324DC0B7800805846 /* Base */ = {isa = PBXFileReference; lastKnownFileType = file.storyboard; name = Base; path = Base.lproj/Main.storyboard; sourceTree = "<group>"; };
		2D6B792524DC0B7B00805846 /* Assets.xcassets */ = {isa = PBXFileReference; lastKnownFileType = folder.assetcatalog; path = Assets.xcassets; sourceTree = "<group>"; };
		2D6B792824DC0B7B00805846 /* Base */ = {isa = PBXFileReference; lastKnownFileType = file.storyboard; name = Base; path = Base.lproj/LaunchScreen.storyboard; sourceTree = "<group>"; };
		2D6B792A24DC0B7B00805846 /* Info.plist */ = {isa = PBXFileReference; lastKnownFileType = text.plist.xml; path = Info.plist; sourceTree = "<group>"; };
		59E0E2DC666E3D7CB675F58A /* Pods-KingsPayGS-iOS-Sample.debug.xcconfig */ = {isa = PBXFileReference; includeInIndex = 1; lastKnownFileType = text.xcconfig; name = "Pods-KingsPayGS-iOS-Sample.debug.xcconfig"; path = "Target Support Files/Pods-KingsPayGS-iOS-Sample/Pods-KingsPayGS-iOS-Sample.debug.xcconfig"; sourceTree = "<group>"; };
		8BF0132FBFA3D9D37721EC98 /* Pods_KingsPayGS_iOS_Sample.framework */ = {isa = PBXFileReference; explicitFileType = wrapper.framework; includeInIndex = 0; path = Pods_KingsPayGS_iOS_Sample.framework; sourceTree = BUILT_PRODUCTS_DIR; };
		D81ADE31B0454D861E7F9577 /* Pods-KingsPayGS-iOS-Sample.release.xcconfig */ = {isa = PBXFileReference; includeInIndex = 1; lastKnownFileType = text.xcconfig; name = "Pods-KingsPayGS-iOS-Sample.release.xcconfig"; path = "Target Support Files/Pods-KingsPayGS-iOS-Sample/Pods-KingsPayGS-iOS-Sample.release.xcconfig"; sourceTree = "<group>"; };
/* End PBXFileReference section */

/* Begin PBXFrameworksBuildPhase section */
		2D6B791624DC0B7800805846 /* Frameworks */ = {
			isa = PBXFrameworksBuildPhase;
			buildActionMask = 2147483647;
			files = (
				61CD79374A30042CD36D4EEC /* Pods_KingsPayGS_iOS_Sample.framework in Frameworks */,
			);
			runOnlyForDeploymentPostprocessing = 0;
		};
/* End PBXFrameworksBuildPhase section */

/* Begin PBXGroup section */
		1A0B836B2F16BB9586F7F103 /* Frameworks */ = {
			isa = PBXGroup;
			children = (
				8BF0132FBFA3D9D37721EC98 /* Pods_KingsPayGS_iOS_Sample.framework */,
			);
			name = Frameworks;
			sourceTree = "<group>";
		};
		2D6B791024DC0B7800805846 = {
			isa = PBXGroup;
			children = (
				2D6B791B24DC0B7800805846 /* KingsPayGS-iOS-Sample */,
				2D6B791A24DC0B7800805846 /* Products */,
				B4D1ED28513B17BF1845523C /* Pods */,
				1A0B836B2F16BB9586F7F103 /* Frameworks */,
			);
			sourceTree = "<group>";
		};
		2D6B791A24DC0B7800805846 /* Products */ = {
			isa = PBXGroup;
			children = (
				2D6B791924DC0B7800805846 /* KingsPayGS-iOS-Sample.app */,
			);
			name = Products;
			sourceTree = "<group>";
		};
		2D6B791B24DC0B7800805846 /* KingsPayGS-iOS-Sample */ = {
			isa = PBXGroup;
			children = (
				2D6B791C24DC0B7800805846 /* AppDelegate.swift */,
				2D6B792024DC0B7800805846 /* ViewController.swift */,
				2D6B792224DC0B7800805846 /* Main.storyboard */,
				2D6B792524DC0B7B00805846 /* Assets.xcassets */,
				2D6B792724DC0B7B00805846 /* LaunchScreen.storyboard */,
				2D6B792A24DC0B7B00805846 /* Info.plist */,
			);
			path = "KingsPayGS-iOS-Sample";
			sourceTree = "<group>";
		};
		B4D1ED28513B17BF1845523C /* Pods */ = {
			isa = PBXGroup;
			children = (
				59E0E2DC666E3D7CB675F58A /* Pods-KingsPayGS-iOS-Sample.debug.xcconfig */,
				D81ADE31B0454D861E7F9577 /* Pods-KingsPayGS-iOS-Sample.release.xcconfig */,
			);
			path = Pods;
			sourceTree = "<group>";
		};
/* End PBXGroup section */

/* Begin PBXNativeTarget section */
		2D6B791824DC0B7800805846 /* KingsPayGS-iOS-Sample */ = {
			isa = PBXNativeTarget;
			buildConfigurationList = 2D6B792D24DC0B7B00805846 /* Build configuration list for PBXNativeTarget "KingsPayGS-iOS-Sample" */;
			buildPhases = (
				EFD697399A20643873BCBC38 /* [CP] Check Pods Manifest.lock */,
				2D6B791524DC0B7800805846 /* Sources */,
				2D6B791624DC0B7800805846 /* Frameworks */,
				2D6B791724DC0B7800805846 /* Resources */,
				2D6B793824DC0E7E00805846 /* Embed Frameworks */,
				2300CCBE9B61D1DF7BF82E24 /* [CP] Embed Pods Frameworks */,
			);
			buildRules = (
			);
			dependencies = (
			);
			name = "KingsPayGS-iOS-Sample";
			productName = "KingsPayGS-iOS-Sample";
			productReference = 2D6B791924DC0B7800805846 /* KingsPayGS-iOS-Sample.app */;
			productType = "com.apple.product-type.application";
		};
/* End PBXNativeTarget section */

/* Begin PBXProject section */
		2D6B791124DC0B7800805846 /* Project object */ = {
			isa = PBXProject;
			attributes = {
				LastSwiftUpdateCheck = 1130;
				LastUpgradeCheck = 1130;
				ORGANIZATIONNAME = KingsChat;
				TargetAttributes = {
					2D6B791824DC0B7800805846 = {
						CreatedOnToolsVersion = 11.3.1;
					};
				};
			};
			buildConfigurationList = 2D6B791424DC0B7800805846 /* Build configuration list for PBXProject "KingsPayGS-iOS-Sample" */;
			compatibilityVersion = "Xcode 9.3";
			developmentRegion = en;
			hasScannedForEncodings = 0;
			knownRegions = (
				en,
				Base,
			);
			mainGroup = 2D6B791024DC0B7800805846;
			productRefGroup = 2D6B791A24DC0B7800805846 /* Products */;
			projectDirPath = "";
			projectRoot = "";
			targets = (
				2D6B791824DC0B7800805846 /* KingsPayGS-iOS-Sample */,
			);
		};
/* End PBXProject section */

/* Begin PBXResourcesBuildPhase section */
		2D6B791724DC0B7800805846 /* Resources */ = {
			isa = PBXResourcesBuildPhase;
			buildActionMask = 2147483647;
			files = (
				2D6B792924DC0B7B00805846 /* LaunchScreen.storyboard in Resources */,
				2D6B792624DC0B7B00805846 /* Assets.xcassets in Resources */,
				2D6B792424DC0B7800805846 /* Main.storyboard in Resources */,
			);
			runOnlyForDeploymentPostprocessing = 0;
		};
/* End PBXResourcesBuildPhase section */

/* Begin PBXShellScriptBuildPhase section */
		2300CCBE9B61D1DF7BF82E24 /* [CP] Embed Pods Frameworks */ = {
			isa = PBXShellScriptBuildPhase;
			buildActionMask = 2147483647;
			files = (
			);
			inputFileListPaths = (
				"${PODS_ROOT}/Target Support Files/Pods-KingsPayGS-iOS-Sample/Pods-KingsPayGS-iOS-Sample-frameworks-${CONFIGURATION}-input-files.xcfilelist",
			);
			name = "[CP] Embed Pods Frameworks";
			outputFileListPaths = (
				"${PODS_ROOT}/Target Support Files/Pods-KingsPayGS-iOS-Sample/Pods-KingsPayGS-iOS-Sample-frameworks-${CONFIGURATION}-output-files.xcfilelist",
			);
			runOnlyForDeploymentPostprocessing = 0;
			shellPath = /bin/sh;
			shellScript = "\"${PODS_ROOT}/Target Support Files/Pods-KingsPayGS-iOS-Sample/Pods-KingsPayGS-iOS-Sample-frameworks.sh\"\n";
			showEnvVarsInLog = 0;
		};
		EFD697399A20643873BCBC38 /* [CP] Check Pods Manifest.lock */ = {
			isa = PBXShellScriptBuildPhase;
			buildActionMask = 2147483647;
			files = (
			);
			inputFileListPaths = (
			);
			inputPaths = (
				"${PODS_PODFILE_DIR_PATH}/Podfile.lock",
				"${PODS_ROOT}/Manifest.lock",
			);
			name = "[CP] Check Pods Manifest.lock";
			outputFileListPaths = (
			);
			outputPaths = (
				"$(DERIVED_FILE_DIR)/Pods-KingsPayGS-iOS-Sample-checkManifestLockResult.txt",
			);
			runOnlyForDeploymentPostprocessing = 0;
			shellPath = /bin/sh;
			shellScript = "diff \"${PODS_PODFILE_DIR_PATH}/Podfile.lock\" \"${PODS_ROOT}/Manifest.lock\" > /dev/null\nif [ $? != 0 ] ; then\n    # print error to STDERR\n    echo \"error: The sandbox is not in sync with the Podfile.lock. Run 'pod install' or update your CocoaPods installation.\" >&2\n    exit 1\nfi\n# This output is used by Xcode 'outputs' to avoid re-running this script phase.\necho \"SUCCESS\" > \"${SCRIPT_OUTPUT_FILE_0}\"\n";
			showEnvVarsInLog = 0;
		};
/* End PBXShellScriptBuildPhase section */

/* Begin PBXSourcesBuildPhase section */
		2D6B791524DC0B7800805846 /* Sources */ = {
			isa = PBXSourcesBuildPhase;
			buildActionMask = 2147483647;
			files = (
				2D6B792124DC0B7800805846 /* ViewController.swift in Sources */,
				2D6B791D24DC0B7800805846 /* AppDelegate.swift in Sources */,
			);
			runOnlyForDeploymentPostprocessing = 0;
		};
/* End PBXSourcesBuildPhase section */

/* Begin PBXVariantGroup section */
		2D6B792224DC0B7800805846 /* Main.storyboard */ = {
			isa = PBXVariantGroup;
			children = (
				2D6B792324DC0B7800805846 /* Base */,
			);
			name = Main.storyboard;
			sourceTree = "<group>";
		};
		2D6B792724DC0B7B00805846 /* LaunchScreen.storyboard */ = {
			isa = PBXVariantGroup;
			children = (
				2D6B792824DC0B7B00805846 /* Base */,
			);
			name = LaunchScreen.storyboard;
			sourceTree = "<group>";
		};
/* End PBXVariantGroup section */

/* Begin XCBuildConfiguration section */
		2D6B792B24DC0B7B00805846 /* Debug */ = {
			isa = XCBuildConfiguration;
			buildSettings = {
				ALWAYS_SEARCH_USER_PATHS = NO;
				CLANG_ANALYZER_NONNULL = YES;
				CLANG_ANALYZER_NUMBER_OBJECT_CONVERSION = YES_AGGRESSIVE;
				CLANG_CXX_LANGUAGE_STANDARD = "gnu++14";
				CLANG_CXX_LIBRARY = "libc++";
				CLANG_ENABLE_MODULES = YES;
				CLANG_ENABLE_OBJC_ARC = YES;
				CLANG_ENABLE_OBJC_WEAK = YES;
				CLANG_WARN_BLOCK_CAPTURE_AUTORELEASING = YES;
				CLANG_WARN_BOOL_CONVERSION = YES;
				CLANG_WARN_COMMA = YES;
				CLANG_WARN_CONSTANT_CONVERSION = YES;
				CLANG_WARN_DEPRECATED_OBJC_IMPLEMENTATIONS = YES;
				CLANG_WARN_DIRECT_OBJC_ISA_USAGE = YES_ERROR;
				CLANG_WARN_DOCUMENTATION_COMMENTS = YES;
				CLANG_WARN_EMPTY_BODY = YES;
				CLANG_WARN_ENUM_CONVERSION = YES;
				CLANG_WARN_INFINITE_RECURSION = YES;
				CLANG_WARN_INT_CONVERSION = YES;
				CLANG_WARN_NON_LITERAL_NULL_CONVERSION = YES;
				CLANG_WARN_OBJC_IMPLICIT_RETAIN_SELF = YES;
				CLANG_WARN_OBJC_LITERAL_CONVERSION = YES;
				CLANG_WARN_OBJC_ROOT_CLASS = YES_ERROR;
				CLANG_WARN_RANGE_LOOP_ANALYSIS = YES;
				CLANG_WARN_STRICT_PROTOTYPES = YES;
				CLANG_WARN_SUSPICIOUS_MOVE = YES;
				CLANG_WARN_UNGUARDED_AVAILABILITY = YES_AGGRESSIVE;
				CLANG_WARN_UNREACHABLE_CODE = YES;
				CLANG_WARN__DUPLICATE_METHOD_MATCH = YES;
				COPY_PHASE_STRIP = NO;
				DEBUG_INFORMATION_FORMAT = dwarf;
				ENABLE_STRICT_OBJC_MSGSEND = YES;
				ENABLE_TESTABILITY = YES;
				GCC_C_LANGUAGE_STANDARD = gnu11;
				GCC_DYNAMIC_NO_PIC = NO;
				GCC_NO_COMMON_BLOCKS = YES;
				GCC_OPTIMIZATION_LEVEL = 0;
				GCC_PREPROCESSOR_DEFINITIONS = (
					"DEBUG=1",
					"$(inherited)",
				);
				GCC_WARN_64_TO_32_BIT_CONVERSION = YES;
				GCC_WARN_ABOUT_RETURN_TYPE = YES_ERROR;
				GCC_WARN_UNDECLARED_SELECTOR = YES;
				GCC_WARN_UNINITIALIZED_AUTOS = YES_AGGRESSIVE;
				GCC_WARN_UNUSED_FUNCTION = YES;
				GCC_WARN_UNUSED_VARIABLE = YES;
				IPHONEOS_DEPLOYMENT_TARGET = 13.2;
				MTL_ENABLE_DEBUG_INFO = INCLUDE_SOURCE;
				MTL_FAST_MATH = YES;
				ONLY_ACTIVE_ARCH = YES;
				SDKROOT = iphoneos;
				SWIFT_ACTIVE_COMPILATION_CONDITIONS = DEBUG;
				SWIFT_OPTIMIZATION_LEVEL = "-Onone";
			};
			name = Debug;
		};
		2D6B792C24DC0B7B00805846 /* Release */ = {
			isa = XCBuildConfiguration;
			buildSettings = {
				ALWAYS_SEARCH_USER_PATHS = NO;
				CLANG_ANALYZER_NONNULL = YES;
				CLANG_ANALYZER_NUMBER_OBJECT_CONVERSION = YES_AGGRESSIVE;
				CLANG_CXX_LANGUAGE_STANDARD = "gnu++14";
				CLANG_CXX_LIBRARY = "libc++";
				CLANG_ENABLE_MODULES = YES;
				CLANG_ENABLE_OBJC_ARC = YES;
				CLANG_ENABLE_OBJC_WEAK = YES;
				CLANG_WARN_BLOCK_CAPTURE_AUTORELEASING = YES;
				CLANG_WARN_BOOL_CONVERSION = YES;
				CLANG_WARN_COMMA = YES;
				CLANG_WARN_CONSTANT_CONVERSION = YES;
				CLANG_WARN_DEPRECATED_OBJC_IMPLEMENTATIONS = YES;
				CLANG_WARN_DIRECT_OBJC_ISA_USAGE = YES_ERROR;
				CLANG_WARN_DOCUMENTATION_COMMENTS = YES;
				CLANG_WARN_EMPTY_BODY = YES;
				CLANG_WARN_ENUM_CONVERSION = YES;
				CLANG_WARN_INFINITE_RECURSION = YES;
				CLANG_WARN_INT_CONVERSION = YES;
				CLANG_WARN_NON_LITERAL_NULL_CONVERSION = YES;
				CLANG_WARN_OBJC_IMPLICIT_RETAIN_SELF = YES;
				CLANG_WARN_OBJC_LITERAL_CONVERSION = YES;
				CLANG_WARN_OBJC_ROOT_CLASS = YES_ERROR;
				CLANG_WARN_RANGE_LOOP_ANALYSIS = YES;
				CLANG_WARN_STRICT_PROTOTYPES = YES;
				CLANG_WARN_SUSPICIOUS_MOVE = YES;
				CLANG_WARN_UNGUARDED_AVAILABILITY = YES_AGGRESSIVE;
				CLANG_WARN_UNREACHABLE_CODE = YES;
				CLANG_WARN__DUPLICATE_METHOD_MATCH = YES;
				COPY_PHASE_STRIP = NO;
				DEBUG_INFORMATION_FORMAT = "dwarf-with-dsym";
				ENABLE_NS_ASSERTIONS = NO;
				ENABLE_STRICT_OBJC_MSGSEND = YES;
				GCC_C_LANGUAGE_STANDARD = gnu11;
				GCC_NO_COMMON_BLOCKS = YES;
				GCC_WARN_64_TO_32_BIT_CONVERSION = YES;
				GCC_WARN_ABOUT_RETURN_TYPE = YES_ERROR;
				GCC_WARN_UNDECLARED_SELECTOR = YES;
				GCC_WARN_UNINITIALIZED_AUTOS = YES_AGGRESSIVE;
				GCC_WARN_UNUSED_FUNCTION = YES;
				GCC_WARN_UNUSED_VARIABLE = YES;
				IPHONEOS_DEPLOYMENT_TARGET = 13.2;
				MTL_ENABLE_DEBUG_INFO = NO;
				MTL_FAST_MATH = YES;
				SDKROOT = iphoneos;
				SWIFT_COMPILATION_MODE = wholemodule;
				SWIFT_OPTIMIZATION_LEVEL = "-O";
				VALIDATE_PRODUCT = YES;
			};
			name = Release;
		};
		2D6B792E24DC0B7B00805846 /* Debug */ = {
			isa = XCBuildConfiguration;
			baseConfigurationReference = 59E0E2DC666E3D7CB675F58A /* Pods-KingsPayGS-iOS-Sample.debug.xcconfig */;
			buildSettings = {
				ASSETCATALOG_COMPILER_APPICON_NAME = AppIcon;
				CODE_SIGN_STYLE = Automatic;
				DEVELOPMENT_TEAM = A3TR9R36A7;
				ENABLE_BITCODE = NO;
				FRAMEWORK_SEARCH_PATHS = (
					"$(inherited)",
					"$(PROJECT_DIR)/",
					"$(PROJECT_DIR)/KingsPayGS-iOS-Sample",
				);
				INFOPLIST_FILE = "KingsPayGS-iOS-Sample/Info.plist";
				LD_RUNPATH_SEARCH_PATHS = (
					"$(inherited)",
					"@executable_path/Frameworks",
				);
				LIBRARY_SEARCH_PATHS = (
					"$(inherited)",
					"$(PROJECT_DIR)",
				);
				PRODUCT_BUNDLE_IDENTIFIER = "com.kingschat.KingsPayGS-iOS-Sample";
				PRODUCT_NAME = "$(TARGET_NAME)";
				SWIFT_INCLUDE_PATHS = "$(PROJECT_DIR)/** $(PODS_ROOT)/KingsPayForGoodsAndServices/Source/GS.framework/Modules/GS.swiftmodule/";
				SWIFT_VERSION = 5.0;
				TARGETED_DEVICE_FAMILY = "1,2";
			};
			name = Debug;
		};
		2D6B792F24DC0B7B00805846 /* Release */ = {
			isa = XCBuildConfiguration;
			baseConfigurationReference = D81ADE31B0454D861E7F9577 /* Pods-KingsPayGS-iOS-Sample.release.xcconfig */;
			buildSettings = {
				ASSETCATALOG_COMPILER_APPICON_NAME = AppIcon;
				CODE_SIGN_STYLE = Automatic;
				DEVELOPMENT_TEAM = A3TR9R36A7;
				ENABLE_BITCODE = NO;
				FRAMEWORK_SEARCH_PATHS = (
					"$(inherited)",
					"$(PROJECT_DIR)/",
					"$(PROJECT_DIR)/KingsPayGS-iOS-Sample",
				);
				INFOPLIST_FILE = "KingsPayGS-iOS-Sample/Info.plist";
				LD_RUNPATH_SEARCH_PATHS = (
					"$(inherited)",
					"@executable_path/Frameworks",
				);
				LIBRARY_SEARCH_PATHS = (
					"$(inherited)",
					"$(PROJECT_DIR)",
				);
				PRODUCT_BUNDLE_IDENTIFIER = "com.kingschat.KingsPayGS-iOS-Sample";
				PRODUCT_NAME = "$(TARGET_NAME)";
				SWIFT_INCLUDE_PATHS = "$(PROJECT_DIR)/** $(PODS_ROOT)/KingsPayForGoodsAndServices/Source/GS.framework/Modules/GS.swiftmodule/";
				SWIFT_VERSION = 5.0;
				TARGETED_DEVICE_FAMILY = "1,2";
			};
			name = Release;
		};
/* End XCBuildConfiguration section */

/* Begin XCConfigurationList section */
		2D6B791424DC0B7800805846 /* Build configuration list for PBXProject "KingsPayGS-iOS-Sample" */ = {
			isa = XCConfigurationList;
			buildConfigurations = (
				2D6B792B24DC0B7B00805846 /* Debug */,
				2D6B792C24DC0B7B00805846 /* Release */,
			);
			defaultConfigurationIsVisible = 0;
			defaultConfigurationName = Release;
		};
		2D6B792D24DC0B7B00805846 /* Build configuration list for PBXNativeTarget "KingsPayGS-iOS-Sample" */ = {
			isa = XCConfigurationList;
			buildConfigurations = (
				2D6B792E24DC0B7B00805846 /* Debug */,
				2D6B792F24DC0B7B00805846 /* Release */,
			);
			defaultConfigurationIsVisible = 0;
			defaultConfigurationName = Release;
		};
/* End XCConfigurationList section */
	};
	rootObject = 2D6B791124DC0B7800805846 /* Project object */;
}
